{
  "name": "@ip1sms/is-disposable-phone-number",
  "version": "1.1.0",
  "lockfileVersion": 2,
  "requires": true,
  "packages": {
    "": {
      "name": "@ip1sms/is-disposable-phone-number",
      "version": "1.1.0",
      "license": "MIT",
      "dependencies": {
        "@ip1sms/disposable-phone-numbers": "^2.1.44"
      }
    },
    "node_modules/@ip1sms/disposable-phone-numbers": {
      "version": "2.1.304",
      "resolved": "https://registry.npmjs.org/@ip1sms/disposable-phone-numbers/-/disposable-phone-numbers-2.1.304.tgz",
      "integrity": "sha512-krT3EoWEnR518/klXVToNSxSln+pyKgRXCe2wuoYjMr5BbqkJYk+oOZpPGJaW9wr/qlRAfyM59Z7IOoR3SJ0/Q=="
    }
  },
  "dependencies": {
    "@ip1sms/disposable-phone-numbers": {
      "version": "2.1.304",
      "resolved": "https://registry.npmjs.org/@ip1sms/disposable-phone-numbers/-/disposable-phone-numbers-2.1.304.tgz",
      "integrity": "sha512-krT3EoWEnR518/klXVToNSxSln+pyKgRXCe2wuoYjMr5BbqkJYk+oOZpPGJaW9wr/qlRAfyM59Z7IOoR3SJ0/Q=="
    }
  }
}
