{
  "name": "@ip1sms/is-disposable-phone-number",
  "version": "1.1.0",
  "lockfileVersion": 2,
  "requires": true,
  "packages": {
    "": {
      "name": "@ip1sms/is-disposable-phone-number",
      "version": "1.1.0",
      "license": "MIT",
      "dependencies": {
        "@ip1sms/disposable-phone-numbers": "^2.1.44"
      }
    },
    "node_modules/@ip1sms/disposable-phone-numbers": {
      "version": "2.1.318",
      "resolved": "https://registry.npmjs.org/@ip1sms/disposable-phone-numbers/-/disposable-phone-numbers-2.1.318.tgz",
      "integrity": "sha512-gFY+gJY4yDKnWWFDnBoy0d/c7vhgW8CZQWMAa7uuXqpTg+VnM1pp0zACBGw2jWrXohb0EaY91UhlB0121C7HdQ=="
    }
  },
  "dependencies": {
    "@ip1sms/disposable-phone-numbers": {
      "version": "2.1.318",
      "resolved": "https://registry.npmjs.org/@ip1sms/disposable-phone-numbers/-/disposable-phone-numbers-2.1.318.tgz",
      "integrity": "sha512-gFY+gJY4yDKnWWFDnBoy0d/c7vhgW8CZQWMAa7uuXqpTg+VnM1pp0zACBGw2jWrXohb0EaY91UhlB0121C7HdQ=="
    }
  }
}
