{
  "name": "@ip1sms/is-disposable-phone-number",
  "version": "1.1.0",
  "lockfileVersion": 2,
  "requires": true,
  "packages": {
    "": {
      "name": "@ip1sms/is-disposable-phone-number",
      "version": "1.1.0",
      "license": "MIT",
      "dependencies": {
        "@ip1sms/disposable-phone-numbers": "^2.1.44"
      }
    },
    "node_modules/@ip1sms/disposable-phone-numbers": {
      "version": "2.1.314",
      "resolved": "https://registry.npmjs.org/@ip1sms/disposable-phone-numbers/-/disposable-phone-numbers-2.1.314.tgz",
      "integrity": "sha512-vq3Op3IrMUSGjh14Rd1FS0M0nZDFBEU5qnygbPkTr0l8mXKJcwjVEXwkBf4F2pS5R0Tstxgkm4c7oLHdM/xZIA=="
    }
  },
  "dependencies": {
    "@ip1sms/disposable-phone-numbers": {
      "version": "2.1.314",
      "resolved": "https://registry.npmjs.org/@ip1sms/disposable-phone-numbers/-/disposable-phone-numbers-2.1.314.tgz",
      "integrity": "sha512-vq3Op3IrMUSGjh14Rd1FS0M0nZDFBEU5qnygbPkTr0l8mXKJcwjVEXwkBf4F2pS5R0Tstxgkm4c7oLHdM/xZIA=="
    }
  }
}
